
Microsoft Visual Studio Solution File, Format Version 12.00
# Visual Studio Version 16
VisualStudioVersion = 16.0.31005.135
MinimumVisualStudioVersion = 10.0.40219.1
Project("{8BC9CEB8-8B4A-11D0-8D11-00A0C91BC942}") = "wtdistmeas", "wtdistmeas\wtdistmeas.vcxproj", "{84ADF2D9-D0B6-428B-AA78-A38A0A067ED5}"
EndProject
Global
	GlobalSection(SolutionConfigurationPlatforms) = preSolution
		Debug|x64 = Debug|x64
		Debug|x86 = Debug|x86
		Release|x64 = Release|x64
		Release|x86 = Release|x86
	EndGlobalSection
	GlobalSection(ProjectConfigurationPlatforms) = postSolution
		{84ADF2D9-D0B6-428B-AA78-A38A0A067ED5}.Debug|x64.ActiveCfg = Debug|x64
		{84ADF2D9-D0B6-428B-AA78-A38A0A067ED5}.Debug|x64.Build.0 = Debug|x64
		{84ADF2D9-D0B6-428B-AA78-A38A0A067ED5}.Debug|x86.ActiveCfg = Debug|Win32
		{84ADF2D9-D0B6-428B-AA78-A38A0A067ED5}.Debug|x86.Build.0 = Debug|Win32
		{84ADF2D9-D0B6-428B-AA78-A38A0A067ED5}.Release|x64.ActiveCfg = Release|x64
		{84ADF2D9-D0B6-428B-AA78-A38A0A067ED5}.Release|x64.Build.0 = Release|x64
		{84ADF2D9-D0B6-428B-AA78-A38A0A067ED5}.Release|x86.ActiveCfg = Release|Win32
		{84ADF2D9-D0B6-428B-AA78-A38A0A067ED5}.Release|x86.Build.0 = Release|Win32
	EndGlobalSection
	GlobalSection(SolutionProperties) = preSolution
		HideSolutionNode = FALSE
	EndGlobalSection
	GlobalSection(ExtensibilityGlobals) = postSolution
		SolutionGuid = {47B1E788-A30A-4EE0-8D75-49DD41D19291}
	EndGlobalSection
EndGlobal
